
Microsoft Visual Studio Solution File, Format Version 12.00
# Visual Studio Version 17
VisualStudioVersion = 17.1.32228.430
MinimumVisualStudioVersion = 10.0.40219.1
Project("{2150E333-8FDC-42A3-9474-1A3956D46DE8}") = "src", "src", "{788FE461-6EC4-410B-8C5F-DA297A2558C1}"
	ProjectSection(SolutionItems) = preProject
		nuget.config = nuget.config
		README.md = README.md
	EndProjectSection
EndProject
Project("{2150E333-8FDC-42A3-9474-1A3956D46DE8}") = "tests", "tests", "{75367B14-DAB9-403B-9200-753910EE8F65}"
EndProject
Project("{2150E333-8FDC-42A3-9474-1A3956D46DE8}") = "Api", "Api", "{52185557-E8C6-49EC-A6A6-03A6E7DE8AEC}"
EndProject
Project("{2150E333-8FDC-42A3-9474-1A3956D46DE8}") = "Application", "Application", "{F9B5D275-1088-47CB-85FD-E09E6935E7E7}"
EndProject
Project("{2150E333-8FDC-42A3-9474-1A3956D46DE8}") = "Core", "Core", "{557616B5-87C7-4CC6-AA86-0F1E2DED5E67}"
EndProject
Project("{2150E333-8FDC-42A3-9474-1A3956D46DE8}") = "Infrastructure", "Infrastructure", "{09822026-69B9-4FF9-BCD7-5489C6E4843E}"
EndProject
Project("{2150E333-8FDC-42A3-9474-1A3956D46DE8}") = "Data", "Data", "{40191A12-01EF-4CC0-8462-6504CA81D47C}"
EndProject
Project("{2150E333-8FDC-42A3-9474-1A3956D46DE8}") = "IoC", "IoC", "{B9EBD19E-1DEC-4D23-ABE0-272C8F974D01}"
EndProject
Project("{2150E333-8FDC-42A3-9474-1A3956D46DE8}") = "UnitTesting", "UnitTesting", "{6104069B-BCEC-4C90-832C-3C34512CBEBC}"
EndProject
Project("{9A19103F-16F7-4668-BE54-9A1E7A4F7556}") = "Base.Application", "src\Base.Application\Base.Application.csproj", "{C9066AC0-6AA8-4578-A2A5-57DFDAA02850}"
EndProject
Project("{9A19103F-16F7-4668-BE54-9A1E7A4F7556}") = "Base.Core", "src\Base.Core\Base.Core.csproj", "{0CA812F2-4D67-4429-BFB1-9530A22AD409}"
EndProject
Project("{9A19103F-16F7-4668-BE54-9A1E7A4F7556}") = "Base.Infrastructure.Data.Repository", "src\Base.Infrastructure.Data.Repository\Base.Infrastructure.Data.Repository.csproj", "{9692FC79-D134-4AF2-8058-F4A3095BA284}"
EndProject
Project("{9A19103F-16F7-4668-BE54-9A1E7A4F7556}") = "Base.Infrastructure.Ioc", "src\Base.Infrastructure.Ioc\Base.Infrastructure.Ioc.csproj", "{4582193A-FD33-43D3-A651-33FE4D1FF30A}"
EndProject
Project("{9A19103F-16F7-4668-BE54-9A1E7A4F7556}") = "Base.Api", "src\Base.Api\Base.Api.csproj", "{38BB8913-CD2A-4A4F-826E-682E13FE6880}"
EndProject
Project("{9A19103F-16F7-4668-BE54-9A1E7A4F7556}") = "Base.Specification", "src\Base.Specification\Base.Specification.csproj", "{D51B86E9-5308-4F7C-9F55-EF4DA427D6E5}"
EndProject
Project("{9A19103F-16F7-4668-BE54-9A1E7A4F7556}") = "Base.Infrastructure.Data.Model", "src\Base.Infrastructure.Data.Model\Base.Infrastructure.Data.Model.csproj", "{0FA52EA9-730C-46D8-A806-81AA1B3C95D9}"
EndProject
Project("{9A19103F-16F7-4668-BE54-9A1E7A4F7556}") = "Base.UnitTesting", "tests\Base.UnitTesting\Base.UnitTesting.csproj", "{3A1E3ACD-435E-4BF2-868B-68E612CBB2D9}"
EndProject
Project("{2150E333-8FDC-42A3-9474-1A3956D46DE8}") = "Util", "Util", "{0C1591BF-903A-4E60-A2C0-BDBC64B6C5E0}"
EndProject
Project("{9A19103F-16F7-4668-BE54-9A1E7A4F7556}") = "Base.Notification", "src\Base.Notification\Base.Notification.csproj", "{A41E3876-D27B-42B7-8B5A-3E63EC5F8ED4}"
EndProject
Global
	GlobalSection(SolutionConfigurationPlatforms) = preSolution
		Debug|Any CPU = Debug|Any CPU
		Release|Any CPU = Release|Any CPU
	EndGlobalSection
	GlobalSection(ProjectConfigurationPlatforms) = postSolution
		{C9066AC0-6AA8-4578-A2A5-57DFDAA02850}.Debug|Any CPU.ActiveCfg = Debug|Any CPU
		{C9066AC0-6AA8-4578-A2A5-57DFDAA02850}.Debug|Any CPU.Build.0 = Debug|Any CPU
		{C9066AC0-6AA8-4578-A2A5-57DFDAA02850}.Release|Any CPU.ActiveCfg = Release|Any CPU
		{C9066AC0-6AA8-4578-A2A5-57DFDAA02850}.Release|Any CPU.Build.0 = Release|Any CPU
		{0CA812F2-4D67-4429-BFB1-9530A22AD409}.Debug|Any CPU.ActiveCfg = Debug|Any CPU
		{0CA812F2-4D67-4429-BFB1-9530A22AD409}.Debug|Any CPU.Build.0 = Debug|Any CPU
		{0CA812F2-4D67-4429-BFB1-9530A22AD409}.Release|Any CPU.ActiveCfg = Release|Any CPU
		{0CA812F2-4D67-4429-BFB1-9530A22AD409}.Release|Any CPU.Build.0 = Release|Any CPU
		{9692FC79-D134-4AF2-8058-F4A3095BA284}.Debug|Any CPU.ActiveCfg = Debug|Any CPU
		{9692FC79-D134-4AF2-8058-F4A3095BA284}.Debug|Any CPU.Build.0 = Debug|Any CPU
		{9692FC79-D134-4AF2-8058-F4A3095BA284}.Release|Any CPU.ActiveCfg = Release|Any CPU
		{9692FC79-D134-4AF2-8058-F4A3095BA284}.Release|Any CPU.Build.0 = Release|Any CPU
		{4582193A-FD33-43D3-A651-33FE4D1FF30A}.Debug|Any CPU.ActiveCfg = Debug|Any CPU
		{4582193A-FD33-43D3-A651-33FE4D1FF30A}.Debug|Any CPU.Build.0 = Debug|Any CPU
		{4582193A-FD33-43D3-A651-33FE4D1FF30A}.Release|Any CPU.ActiveCfg = Release|Any CPU
		{4582193A-FD33-43D3-A651-33FE4D1FF30A}.Release|Any CPU.Build.0 = Release|Any CPU
		{38BB8913-CD2A-4A4F-826E-682E13FE6880}.Debug|Any CPU.ActiveCfg = Debug|Any CPU
		{38BB8913-CD2A-4A4F-826E-682E13FE6880}.Debug|Any CPU.Build.0 = Debug|Any CPU
		{38BB8913-CD2A-4A4F-826E-682E13FE6880}.Release|Any CPU.ActiveCfg = Release|Any CPU
		{38BB8913-CD2A-4A4F-826E-682E13FE6880}.Release|Any CPU.Build.0 = Release|Any CPU
		{D51B86E9-5308-4F7C-9F55-EF4DA427D6E5}.Debug|Any CPU.ActiveCfg = Debug|Any CPU
		{D51B86E9-5308-4F7C-9F55-EF4DA427D6E5}.Debug|Any CPU.Build.0 = Debug|Any CPU
		{D51B86E9-5308-4F7C-9F55-EF4DA427D6E5}.Release|Any CPU.ActiveCfg = Release|Any CPU
		{D51B86E9-5308-4F7C-9F55-EF4DA427D6E5}.Release|Any CPU.Build.0 = Release|Any CPU
		{0FA52EA9-730C-46D8-A806-81AA1B3C95D9}.Debug|Any CPU.ActiveCfg = Debug|Any CPU
		{0FA52EA9-730C-46D8-A806-81AA1B3C95D9}.Debug|Any CPU.Build.0 = Debug|Any CPU
		{0FA52EA9-730C-46D8-A806-81AA1B3C95D9}.Release|Any CPU.ActiveCfg = Release|Any CPU
		{0FA52EA9-730C-46D8-A806-81AA1B3C95D9}.Release|Any CPU.Build.0 = Release|Any CPU
		{3A1E3ACD-435E-4BF2-868B-68E612CBB2D9}.Debug|Any CPU.ActiveCfg = Debug|Any CPU
		{3A1E3ACD-435E-4BF2-868B-68E612CBB2D9}.Debug|Any CPU.Build.0 = Debug|Any CPU
		{3A1E3ACD-435E-4BF2-868B-68E612CBB2D9}.Release|Any CPU.ActiveCfg = Release|Any CPU
		{3A1E3ACD-435E-4BF2-868B-68E612CBB2D9}.Release|Any CPU.Build.0 = Release|Any CPU
		{A41E3876-D27B-42B7-8B5A-3E63EC5F8ED4}.Debug|Any CPU.ActiveCfg = Debug|Any CPU
		{A41E3876-D27B-42B7-8B5A-3E63EC5F8ED4}.Debug|Any CPU.Build.0 = Debug|Any CPU
		{A41E3876-D27B-42B7-8B5A-3E63EC5F8ED4}.Release|Any CPU.ActiveCfg = Release|Any CPU
		{A41E3876-D27B-42B7-8B5A-3E63EC5F8ED4}.Release|Any CPU.Build.0 = Release|Any CPU
	EndGlobalSection
	GlobalSection(SolutionProperties) = preSolution
		HideSolutionNode = FALSE
	EndGlobalSection
	GlobalSection(NestedProjects) = preSolution
		{52185557-E8C6-49EC-A6A6-03A6E7DE8AEC} = {788FE461-6EC4-410B-8C5F-DA297A2558C1}
		{F9B5D275-1088-47CB-85FD-E09E6935E7E7} = {788FE461-6EC4-410B-8C5F-DA297A2558C1}
		{557616B5-87C7-4CC6-AA86-0F1E2DED5E67} = {788FE461-6EC4-410B-8C5F-DA297A2558C1}
		{09822026-69B9-4FF9-BCD7-5489C6E4843E} = {788FE461-6EC4-410B-8C5F-DA297A2558C1}
		{40191A12-01EF-4CC0-8462-6504CA81D47C} = {09822026-69B9-4FF9-BCD7-5489C6E4843E}
		{B9EBD19E-1DEC-4D23-ABE0-272C8F974D01} = {09822026-69B9-4FF9-BCD7-5489C6E4843E}
		{6104069B-BCEC-4C90-832C-3C34512CBEBC} = {75367B14-DAB9-403B-9200-753910EE8F65}
		{C9066AC0-6AA8-4578-A2A5-57DFDAA02850} = {F9B5D275-1088-47CB-85FD-E09E6935E7E7}
		{0CA812F2-4D67-4429-BFB1-9530A22AD409} = {557616B5-87C7-4CC6-AA86-0F1E2DED5E67}
		{9692FC79-D134-4AF2-8058-F4A3095BA284} = {40191A12-01EF-4CC0-8462-6504CA81D47C}
		{4582193A-FD33-43D3-A651-33FE4D1FF30A} = {B9EBD19E-1DEC-4D23-ABE0-272C8F974D01}
		{38BB8913-CD2A-4A4F-826E-682E13FE6880} = {52185557-E8C6-49EC-A6A6-03A6E7DE8AEC}
		{D51B86E9-5308-4F7C-9F55-EF4DA427D6E5} = {557616B5-87C7-4CC6-AA86-0F1E2DED5E67}
		{0FA52EA9-730C-46D8-A806-81AA1B3C95D9} = {40191A12-01EF-4CC0-8462-6504CA81D47C}
		{3A1E3ACD-435E-4BF2-868B-68E612CBB2D9} = {6104069B-BCEC-4C90-832C-3C34512CBEBC}
		{0C1591BF-903A-4E60-A2C0-BDBC64B6C5E0} = {788FE461-6EC4-410B-8C5F-DA297A2558C1}
		{A41E3876-D27B-42B7-8B5A-3E63EC5F8ED4} = {0C1591BF-903A-4E60-A2C0-BDBC64B6C5E0}
	EndGlobalSection
	GlobalSection(ExtensibilityGlobals) = postSolution
		SolutionGuid = {C7D4136B-3B29-450A-896F-30DCCB22A3DE}
	EndGlobalSection
EndGlobal
